
Microsoft Visual Studio Solution File, Format Version 12.00
# Visual Studio Version 17
VisualStudioVersion = 17.0.31903.59
MinimumVisualStudioVersion = 10.0.40219.1
Project("{2150E333-8FDC-42A3-9474-1A3956D46DE8}") = "src", "src", "{827E0CD3-B72D-47B6-A68D-7590B98EB39B}"
EndProject
Project("{FAE04EC0-301F-11D3-BF4B-00C04F79EFBC}") = "InfiniteContentAI.Infrastructure", "src\InfiniteContentAI.Infrastructure\InfiniteContentAI.Infrastructure.csproj", "{E26C6BF0-2B82-412D-A745-3F43344777CC}"
EndProject
Project("{FAE04EC0-301F-11D3-BF4B-00C04F79EFBC}") = "InfiniteContentAI.Application", "src\InfiniteContentAI.Application\InfiniteContentAI.Application.csproj", "{DFE509DE-F811-4C23-9D00-3AEA56A11C62}"
EndProject
Project("{FAE04EC0-301F-11D3-BF4B-00C04F79EFBC}") = "InfiniteContentAI.Data", "src\InfiniteContentAI.Data\InfiniteContentAI.Data.csproj", "{10F59344-9D9A-4EEA-905B-55B0BF964385}"
EndProject
Project("{FAE04EC0-301F-11D3-BF4B-00C04F79EFBC}") = "InfiniteContentAI.SharedKernel", "src\InfiniteContentAI.SharedKernel\InfiniteContentAI.SharedKernel.csproj", "{9C79FB66-8015-4798-B02C-7D116457CAF0}"
EndProject
Project("{FAE04EC0-301F-11D3-BF4B-00C04F79EFBC}") = "InfiniteContentAI.Contracts", "src\InfiniteContentAI.Contracts\InfiniteContentAI.Contracts.csproj", "{C5C31C23-0F22-47C4-A6C1-61CD23FC320D}"
EndProject
Project("{FAE04EC0-301F-11D3-BF4B-00C04F79EFBC}") = "InfiniteContentAI.Worker", "src\InfiniteContentAI.Worker\InfiniteContentAI.Worker.csproj", "{8E76EA68-7D28-455C-A620-123CD5D7A754}"
EndProject
Project("{FAE04EC0-301F-11D3-BF4B-00C04F79EFBC}") = "InfiniteContentAI.Api", "src\InfiniteContentAI.Api\InfiniteContentAI.Api.csproj", "{29E00409-C9E9-4E1C-A051-3676466C4341}"
EndProject
Project("{FAE04EC0-301F-11D3-BF4B-00C04F79EFBC}") = "InfiniteContentAI.Domain", "src\InfiniteContentAI.Domain\InfiniteContentAI.Domain.csproj", "{8E266DAA-FA8A-4B7B-958D-03A3E53388DB}"
EndProject
Project("{2150E333-8FDC-42A3-9474-1A3956D46DE8}") = "tests", "tests", "{0AB3BF05-4346-4AA6-1389-037BE0695223}"
EndProject
Project("{FAE04EC0-301F-11D3-BF4B-00C04F79EFBC}") = "InfiniteContentAI.SharedKernel.UnitTests", "tests\InfiniteContentAI.SharedKernel.UnitTests\InfiniteContentAI.SharedKernel.UnitTests.csproj", "{0AD27954-A20C-4FCF-8FA5-80A2C0A49571}"
EndProject
Project("{FAE04EC0-301F-11D3-BF4B-00C04F79EFBC}") = "InfiniteContentAI.ArchitectureTests", "tests\InfiniteContentAI.ArchitectureTests\InfiniteContentAI.ArchitectureTests.csproj", "{A125AECF-AF18-4790-B001-B8B5CEE99229}"
EndProject
Project("{FAE04EC0-301F-11D3-BF4B-00C04F79EFBC}") = "InfiniteContentAI.Domain.UnitTests", "tests\InfiniteContentAI.Domain.UnitTests\InfiniteContentAI.Domain.UnitTests.csproj", "{339C0C2E-1224-4D85-A74D-17A8D81C36F3}"
EndProject
Project("{FAE04EC0-301F-11D3-BF4B-00C04F79EFBC}") = "InfiniteContentAI.Api.IntegrationTests", "tests\InfiniteContentAI.Api.IntegrationTests\InfiniteContentAI.Api.IntegrationTests.csproj", "{1B833157-47FE-4EB9-98B1-FE13A98BC8F8}"
EndProject
Project("{FAE04EC0-301F-11D3-BF4B-00C04F79EFBC}") = "InfiniteContentAI.Application.UnitTests", "tests\InfiniteContentAI.Application.UnitTests\InfiniteContentAI.Application.UnitTests.csproj", "{7A5B08C7-BF8C-4CB5-AD6A-1ABBEBF81D0D}"
EndProject
Project("{FAE04EC0-301F-11D3-BF4B-00C04F79EFBC}") = "InfiniteContentAI.Data.IntegrationTests", "tests\InfiniteContentAI.Data.IntegrationTests\InfiniteContentAI.Data.IntegrationTests.csproj", "{25892709-A3EE-47C9-93B8-BFCF4919D2B5}"
EndProject
Global
	GlobalSection(SolutionConfigurationPlatforms) = preSolution
		Debug|Any CPU = Debug|Any CPU
		Debug|x64 = Debug|x64
		Debug|x86 = Debug|x86
		Release|Any CPU = Release|Any CPU
		Release|x64 = Release|x64
		Release|x86 = Release|x86
	EndGlobalSection
	GlobalSection(ProjectConfigurationPlatforms) = postSolution
		{E26C6BF0-2B82-412D-A745-3F43344777CC}.Debug|Any CPU.ActiveCfg = Debug|Any CPU
		{E26C6BF0-2B82-412D-A745-3F43344777CC}.Debug|Any CPU.Build.0 = Debug|Any CPU
		{E26C6BF0-2B82-412D-A745-3F43344777CC}.Debug|x64.ActiveCfg = Debug|Any CPU
		{E26C6BF0-2B82-412D-A745-3F43344777CC}.Debug|x64.Build.0 = Debug|Any CPU
		{E26C6BF0-2B82-412D-A745-3F43344777CC}.Debug|x86.ActiveCfg = Debug|Any CPU
		{E26C6BF0-2B82-412D-A745-3F43344777CC}.Debug|x86.Build.0 = Debug|Any CPU
		{E26C6BF0-2B82-412D-A745-3F43344777CC}.Release|Any CPU.ActiveCfg = Release|Any CPU
		{E26C6BF0-2B82-412D-A745-3F43344777CC}.Release|Any CPU.Build.0 = Release|Any CPU
		{E26C6BF0-2B82-412D-A745-3F43344777CC}.Release|x64.ActiveCfg = Release|Any CPU
		{E26C6BF0-2B82-412D-A745-3F43344777CC}.Release|x64.Build.0 = Release|Any CPU
		{E26C6BF0-2B82-412D-A745-3F43344777CC}.Release|x86.ActiveCfg = Release|Any CPU
		{E26C6BF0-2B82-412D-A745-3F43344777CC}.Release|x86.Build.0 = Release|Any CPU
		{DFE509DE-F811-4C23-9D00-3AEA56A11C62}.Debug|Any CPU.ActiveCfg = Debug|Any CPU
		{DFE509DE-F811-4C23-9D00-3AEA56A11C62}.Debug|Any CPU.Build.0 = Debug|Any CPU
		{DFE509DE-F811-4C23-9D00-3AEA56A11C62}.Debug|x64.ActiveCfg = Debug|Any CPU
		{DFE509DE-F811-4C23-9D00-3AEA56A11C62}.Debug|x64.Build.0 = Debug|Any CPU
		{DFE509DE-F811-4C23-9D00-3AEA56A11C62}.Debug|x86.ActiveCfg = Debug|Any CPU
		{DFE509DE-F811-4C23-9D00-3AEA56A11C62}.Debug|x86.Build.0 = Debug|Any CPU
		{DFE509DE-F811-4C23-9D00-3AEA56A11C62}.Release|Any CPU.ActiveCfg = Release|Any CPU
		{DFE509DE-F811-4C23-9D00-3AEA56A11C62}.Release|Any CPU.Build.0 = Release|Any CPU
		{DFE509DE-F811-4C23-9D00-3AEA56A11C62}.Release|x64.ActiveCfg = Release|Any CPU
		{DFE509DE-F811-4C23-9D00-3AEA56A11C62}.Release|x64.Build.0 = Release|Any CPU
		{DFE509DE-F811-4C23-9D00-3AEA56A11C62}.Release|x86.ActiveCfg = Release|Any CPU
		{DFE509DE-F811-4C23-9D00-3AEA56A11C62}.Release|x86.Build.0 = Release|Any CPU
		{10F59344-9D9A-4EEA-905B-55B0BF964385}.Debug|Any CPU.ActiveCfg = Debug|Any CPU
		{10F59344-9D9A-4EEA-905B-55B0BF964385}.Debug|Any CPU.Build.0 = Debug|Any CPU
		{10F59344-9D9A-4EEA-905B-55B0BF964385}.Debug|x64.ActiveCfg = Debug|Any CPU
		{10F59344-9D9A-4EEA-905B-55B0BF964385}.Debug|x64.Build.0 = Debug|Any CPU
		{10F59344-9D9A-4EEA-905B-55B0BF964385}.Debug|x86.ActiveCfg = Debug|Any CPU
		{10F59344-9D9A-4EEA-905B-55B0BF964385}.Debug|x86.Build.0 = Debug|Any CPU
		{10F59344-9D9A-4EEA-905B-55B0BF964385}.Release|Any CPU.ActiveCfg = Release|Any CPU
		{10F59344-9D9A-4EEA-905B-55B0BF964385}.Release|Any CPU.Build.0 = Release|Any CPU
		{10F59344-9D9A-4EEA-905B-55B0BF964385}.Release|x64.ActiveCfg = Release|Any CPU
		{10F59344-9D9A-4EEA-905B-55B0BF964385}.Release|x64.Build.0 = Release|Any CPU
		{10F59344-9D9A-4EEA-905B-55B0BF964385}.Release|x86.ActiveCfg = Release|Any CPU
		{10F59344-9D9A-4EEA-905B-55B0BF964385}.Release|x86.Build.0 = Release|Any CPU
		{9C79FB66-8015-4798-B02C-7D116457CAF0}.Debug|Any CPU.ActiveCfg = Debug|Any CPU
		{9C79FB66-8015-4798-B02C-7D116457CAF0}.Debug|Any CPU.Build.0 = Debug|Any CPU
		{9C79FB66-8015-4798-B02C-7D116457CAF0}.Debug|x64.ActiveCfg = Debug|Any CPU
		{9C79FB66-8015-4798-B02C-7D116457CAF0}.Debug|x64.Build.0 = Debug|Any CPU
		{9C79FB66-8015-4798-B02C-7D116457CAF0}.Debug|x86.ActiveCfg = Debug|Any CPU
		{9C79FB66-8015-4798-B02C-7D116457CAF0}.Debug|x86.Build.0 = Debug|Any CPU
		{9C79FB66-8015-4798-B02C-7D116457CAF0}.Release|Any CPU.ActiveCfg = Release|Any CPU
		{9C79FB66-8015-4798-B02C-7D116457CAF0}.Release|Any CPU.Build.0 = Release|Any CPU
		{9C79FB66-8015-4798-B02C-7D116457CAF0}.Release|x64.ActiveCfg = Release|Any CPU
		{9C79FB66-8015-4798-B02C-7D116457CAF0}.Release|x64.Build.0 = Release|Any CPU
		{9C79FB66-8015-4798-B02C-7D116457CAF0}.Release|x86.ActiveCfg = Release|Any CPU
		{9C79FB66-8015-4798-B02C-7D116457CAF0}.Release|x86.Build.0 = Release|Any CPU
		{C5C31C23-0F22-47C4-A6C1-61CD23FC320D}.Debug|Any CPU.ActiveCfg = Debug|Any CPU
		{C5C31C23-0F22-47C4-A6C1-61CD23FC320D}.Debug|Any CPU.Build.0 = Debug|Any CPU
		{C5C31C23-0F22-47C4-A6C1-61CD23FC320D}.Debug|x64.ActiveCfg = Debug|Any CPU
		{C5C31C23-0F22-47C4-A6C1-61CD23FC320D}.Debug|x64.Build.0 = Debug|Any CPU
		{C5C31C23-0F22-47C4-A6C1-61CD23FC320D}.Debug|x86.ActiveCfg = Debug|Any CPU
		{C5C31C23-0F22-47C4-A6C1-61CD23FC320D}.Debug|x86.Build.0 = Debug|Any CPU
		{C5C31C23-0F22-47C4-A6C1-61CD23FC320D}.Release|Any CPU.ActiveCfg = Release|Any CPU
		{C5C31C23-0F22-47C4-A6C1-61CD23FC320D}.Release|Any CPU.Build.0 = Release|Any CPU
		{C5C31C23-0F22-47C4-A6C1-61CD23FC320D}.Release|x64.ActiveCfg = Release|Any CPU
		{C5C31C23-0F22-47C4-A6C1-61CD23FC320D}.Release|x64.Build.0 = Release|Any CPU
		{C5C31C23-0F22-47C4-A6C1-61CD23FC320D}.Release|x86.ActiveCfg = Release|Any CPU
		{C5C31C23-0F22-47C4-A6C1-61CD23FC320D}.Release|x86.Build.0 = Release|Any CPU
		{8E76EA68-7D28-455C-A620-123CD5D7A754}.Debug|Any CPU.ActiveCfg = Debug|Any CPU
		{8E76EA68-7D28-455C-A620-123CD5D7A754}.Debug|Any CPU.Build.0 = Debug|Any CPU
		{8E76EA68-7D28-455C-A620-123CD5D7A754}.Debug|x64.ActiveCfg = Debug|Any CPU
		{8E76EA68-7D28-455C-A620-123CD5D7A754}.Debug|x64.Build.0 = Debug|Any CPU
		{8E76EA68-7D28-455C-A620-123CD5D7A754}.Debug|x86.ActiveCfg = Debug|Any CPU
		{8E76EA68-7D28-455C-A620-123CD5D7A754}.Debug|x86.Build.0 = Debug|Any CPU
		{8E76EA68-7D28-455C-A620-123CD5D7A754}.Release|Any CPU.ActiveCfg = Release|Any CPU
		{8E76EA68-7D28-455C-A620-123CD5D7A754}.Release|Any CPU.Build.0 = Release|Any CPU
		{8E76EA68-7D28-455C-A620-123CD5D7A754}.Release|x64.ActiveCfg = Release|Any CPU
		{8E76EA68-7D28-455C-A620-123CD5D7A754}.Release|x64.Build.0 = Release|Any CPU
		{8E76EA68-7D28-455C-A620-123CD5D7A754}.Release|x86.ActiveCfg = Release|Any CPU
		{8E76EA68-7D28-455C-A620-123CD5D7A754}.Release|x86.Build.0 = Release|Any CPU
		{29E00409-C9E9-4E1C-A051-3676466C4341}.Debug|Any CPU.ActiveCfg = Debug|Any CPU
		{29E00409-C9E9-4E1C-A051-3676466C4341}.Debug|Any CPU.Build.0 = Debug|Any CPU
		{29E00409-C9E9-4E1C-A051-3676466C4341}.Debug|x64.ActiveCfg = Debug|Any CPU
		{29E00409-C9E9-4E1C-A051-3676466C4341}.Debug|x64.Build.0 = Debug|Any CPU
		{29E00409-C9E9-4E1C-A051-3676466C4341}.Debug|x86.ActiveCfg = Debug|Any CPU
		{29E00409-C9E9-4E1C-A051-3676466C4341}.Debug|x86.Build.0 = Debug|Any CPU
		{29E00409-C9E9-4E1C-A051-3676466C4341}.Release|Any CPU.ActiveCfg = Release|Any CPU
		{29E00409-C9E9-4E1C-A051-3676466C4341}.Release|Any CPU.Build.0 = Release|Any CPU
		{29E00409-C9E9-4E1C-A051-3676466C4341}.Release|x64.ActiveCfg = Release|Any CPU
		{29E00409-C9E9-4E1C-A051-3676466C4341}.Release|x64.Build.0 = Release|Any CPU
		{29E00409-C9E9-4E1C-A051-3676466C4341}.Release|x86.ActiveCfg = Release|Any CPU
		{29E00409-C9E9-4E1C-A051-3676466C4341}.Release|x86.Build.0 = Release|Any CPU
		{8E266DAA-FA8A-4B7B-958D-03A3E53388DB}.Debug|Any CPU.ActiveCfg = Debug|Any CPU
		{8E266DAA-FA8A-4B7B-958D-03A3E53388DB}.Debug|Any CPU.Build.0 = Debug|Any CPU
		{8E266DAA-FA8A-4B7B-958D-03A3E53388DB}.Debug|x64.ActiveCfg = Debug|Any CPU
		{8E266DAA-FA8A-4B7B-958D-03A3E53388DB}.Debug|x64.Build.0 = Debug|Any CPU
		{8E266DAA-FA8A-4B7B-958D-03A3E53388DB}.Debug|x86.ActiveCfg = Debug|Any CPU
		{8E266DAA-FA8A-4B7B-958D-03A3E53388DB}.Debug|x86.Build.0 = Debug|Any CPU
		{8E266DAA-FA8A-4B7B-958D-03A3E53388DB}.Release|Any CPU.ActiveCfg = Release|Any CPU
		{8E266DAA-FA8A-4B7B-958D-03A3E53388DB}.Release|Any CPU.Build.0 = Release|Any CPU
		{8E266DAA-FA8A-4B7B-958D-03A3E53388DB}.Release|x64.ActiveCfg = Release|Any CPU
		{8E266DAA-FA8A-4B7B-958D-03A3E53388DB}.Release|x64.Build.0 = Release|Any CPU
		{8E266DAA-FA8A-4B7B-958D-03A3E53388DB}.Release|x86.ActiveCfg = Release|Any CPU
		{8E266DAA-FA8A-4B7B-958D-03A3E53388DB}.Release|x86.Build.0 = Release|Any CPU
		{0AD27954-A20C-4FCF-8FA5-80A2C0A49571}.Debug|Any CPU.ActiveCfg = Debug|Any CPU
		{0AD27954-A20C-4FCF-8FA5-80A2C0A49571}.Debug|Any CPU.Build.0 = Debug|Any CPU
		{0AD27954-A20C-4FCF-8FA5-80A2C0A49571}.Debug|x64.ActiveCfg = Debug|Any CPU
		{0AD27954-A20C-4FCF-8FA5-80A2C0A49571}.Debug|x64.Build.0 = Debug|Any CPU
		{0AD27954-A20C-4FCF-8FA5-80A2C0A49571}.Debug|x86.ActiveCfg = Debug|Any CPU
		{0AD27954-A20C-4FCF-8FA5-80A2C0A49571}.Debug|x86.Build.0 = Debug|Any CPU
		{0AD27954-A20C-4FCF-8FA5-80A2C0A49571}.Release|Any CPU.ActiveCfg = Release|Any CPU
		{0AD27954-A20C-4FCF-8FA5-80A2C0A49571}.Release|Any CPU.Build.0 = Release|Any CPU
		{0AD27954-A20C-4FCF-8FA5-80A2C0A49571}.Release|x64.ActiveCfg = Release|Any CPU
		{0AD27954-A20C-4FCF-8FA5-80A2C0A49571}.Release|x64.Build.0 = Release|Any CPU
		{0AD27954-A20C-4FCF-8FA5-80A2C0A49571}.Release|x86.ActiveCfg = Release|Any CPU
		{0AD27954-A20C-4FCF-8FA5-80A2C0A49571}.Release|x86.Build.0 = Release|Any CPU
		{A125AECF-AF18-4790-B001-B8B5CEE99229}.Debug|Any CPU.ActiveCfg = Debug|Any CPU
		{A125AECF-AF18-4790-B001-B8B5CEE99229}.Debug|Any CPU.Build.0 = Debug|Any CPU
		{A125AECF-AF18-4790-B001-B8B5CEE99229}.Debug|x64.ActiveCfg = Debug|Any CPU
		{A125AECF-AF18-4790-B001-B8B5CEE99229}.Debug|x64.Build.0 = Debug|Any CPU
		{A125AECF-AF18-4790-B001-B8B5CEE99229}.Debug|x86.ActiveCfg = Debug|Any CPU
		{A125AECF-AF18-4790-B001-B8B5CEE99229}.Debug|x86.Build.0 = Debug|Any CPU
		{A125AECF-AF18-4790-B001-B8B5CEE99229}.Release|Any CPU.ActiveCfg = Release|Any CPU
		{A125AECF-AF18-4790-B001-B8B5CEE99229}.Release|Any CPU.Build.0 = Release|Any CPU
		{A125AECF-AF18-4790-B001-B8B5CEE99229}.Release|x64.ActiveCfg = Release|Any CPU
		{A125AECF-AF18-4790-B001-B8B5CEE99229}.Release|x64.Build.0 = Release|Any CPU
		{A125AECF-AF18-4790-B001-B8B5CEE99229}.Release|x86.ActiveCfg = Release|Any CPU
		{A125AECF-AF18-4790-B001-B8B5CEE99229}.Release|x86.Build.0 = Release|Any CPU
		{339C0C2E-1224-4D85-A74D-17A8D81C36F3}.Debug|Any CPU.ActiveCfg = Debug|Any CPU
		{339C0C2E-1224-4D85-A74D-17A8D81C36F3}.Debug|Any CPU.Build.0 = Debug|Any CPU
		{339C0C2E-1224-4D85-A74D-17A8D81C36F3}.Debug|x64.ActiveCfg = Debug|Any CPU
		{339C0C2E-1224-4D85-A74D-17A8D81C36F3}.Debug|x64.Build.0 = Debug|Any CPU
		{339C0C2E-1224-4D85-A74D-17A8D81C36F3}.Debug|x86.ActiveCfg = Debug|Any CPU
		{339C0C2E-1224-4D85-A74D-17A8D81C36F3}.Debug|x86.Build.0 = Debug|Any CPU
		{339C0C2E-1224-4D85-A74D-17A8D81C36F3}.Release|Any CPU.ActiveCfg = Release|Any CPU
		{339C0C2E-1224-4D85-A74D-17A8D81C36F3}.Release|Any CPU.Build.0 = Release|Any CPU
		{339C0C2E-1224-4D85-A74D-17A8D81C36F3}.Release|x64.ActiveCfg = Release|Any CPU
		{339C0C2E-1224-4D85-A74D-17A8D81C36F3}.Release|x64.Build.0 = Release|Any CPU
		{339C0C2E-1224-4D85-A74D-17A8D81C36F3}.Release|x86.ActiveCfg = Release|Any CPU
		{339C0C2E-1224-4D85-A74D-17A8D81C36F3}.Release|x86.Build.0 = Release|Any CPU
		{1B833157-47FE-4EB9-98B1-FE13A98BC8F8}.Debug|Any CPU.ActiveCfg = Debug|Any CPU
		{1B833157-47FE-4EB9-98B1-FE13A98BC8F8}.Debug|Any CPU.Build.0 = Debug|Any CPU
		{1B833157-47FE-4EB9-98B1-FE13A98BC8F8}.Debug|x64.ActiveCfg = Debug|Any CPU
		{1B833157-47FE-4EB9-98B1-FE13A98BC8F8}.Debug|x64.Build.0 = Debug|Any CPU
		{1B833157-47FE-4EB9-98B1-FE13A98BC8F8}.Debug|x86.ActiveCfg = Debug|Any CPU
		{1B833157-47FE-4EB9-98B1-FE13A98BC8F8}.Debug|x86.Build.0 = Debug|Any CPU
		{1B833157-47FE-4EB9-98B1-FE13A98BC8F8}.Release|Any CPU.ActiveCfg = Release|Any CPU
		{1B833157-47FE-4EB9-98B1-FE13A98BC8F8}.Release|Any CPU.Build.0 = Release|Any CPU
		{1B833157-47FE-4EB9-98B1-FE13A98BC8F8}.Release|x64.ActiveCfg = Release|Any CPU
		{1B833157-47FE-4EB9-98B1-FE13A98BC8F8}.Release|x64.Build.0 = Release|Any CPU
		{1B833157-47FE-4EB9-98B1-FE13A98BC8F8}.Release|x86.ActiveCfg = Release|Any CPU
		{1B833157-47FE-4EB9-98B1-FE13A98BC8F8}.Release|x86.Build.0 = Release|Any CPU
		{7A5B08C7-BF8C-4CB5-AD6A-1ABBEBF81D0D}.Debug|Any CPU.ActiveCfg = Debug|Any CPU
		{7A5B08C7-BF8C-4CB5-AD6A-1ABBEBF81D0D}.Debug|Any CPU.Build.0 = Debug|Any CPU
		{7A5B08C7-BF8C-4CB5-AD6A-1ABBEBF81D0D}.Debug|x64.ActiveCfg = Debug|Any CPU
		{7A5B08C7-BF8C-4CB5-AD6A-1ABBEBF81D0D}.Debug|x64.Build.0 = Debug|Any CPU
		{7A5B08C7-BF8C-4CB5-AD6A-1ABBEBF81D0D}.Debug|x86.ActiveCfg = Debug|Any CPU
		{7A5B08C7-BF8C-4CB5-AD6A-1ABBEBF81D0D}.Debug|x86.Build.0 = Debug|Any CPU
		{7A5B08C7-BF8C-4CB5-AD6A-1ABBEBF81D0D}.Release|Any CPU.ActiveCfg = Release|Any CPU
		{7A5B08C7-BF8C-4CB5-AD6A-1ABBEBF81D0D}.Release|Any CPU.Build.0 = Release|Any CPU
		{7A5B08C7-BF8C-4CB5-AD6A-1ABBEBF81D0D}.Release|x64.ActiveCfg = Release|Any CPU
		{7A5B08C7-BF8C-4CB5-AD6A-1ABBEBF81D0D}.Release|x64.Build.0 = Release|Any CPU
		{7A5B08C7-BF8C-4CB5-AD6A-1ABBEBF81D0D}.Release|x86.ActiveCfg = Release|Any CPU
		{7A5B08C7-BF8C-4CB5-AD6A-1ABBEBF81D0D}.Release|x86.Build.0 = Release|Any CPU
		{25892709-A3EE-47C9-93B8-BFCF4919D2B5}.Debug|Any CPU.ActiveCfg = Debug|Any CPU
		{25892709-A3EE-47C9-93B8-BFCF4919D2B5}.Debug|Any CPU.Build.0 = Debug|Any CPU
		{25892709-A3EE-47C9-93B8-BFCF4919D2B5}.Debug|x64.ActiveCfg = Debug|Any CPU
		{25892709-A3EE-47C9-93B8-BFCF4919D2B5}.Debug|x64.Build.0 = Debug|Any CPU
		{25892709-A3EE-47C9-93B8-BFCF4919D2B5}.Debug|x86.ActiveCfg = Debug|Any CPU
		{25892709-A3EE-47C9-93B8-BFCF4919D2B5}.Debug|x86.Build.0 = Debug|Any CPU
		{25892709-A3EE-47C9-93B8-BFCF4919D2B5}.Release|Any CPU.ActiveCfg = Release|Any CPU
		{25892709-A3EE-47C9-93B8-BFCF4919D2B5}.Release|Any CPU.Build.0 = Release|Any CPU
		{25892709-A3EE-47C9-93B8-BFCF4919D2B5}.Release|x64.ActiveCfg = Release|Any CPU
		{25892709-A3EE-47C9-93B8-BFCF4919D2B5}.Release|x64.Build.0 = Release|Any CPU
		{25892709-A3EE-47C9-93B8-BFCF4919D2B5}.Release|x86.ActiveCfg = Release|Any CPU
		{25892709-A3EE-47C9-93B8-BFCF4919D2B5}.Release|x86.Build.0 = Release|Any CPU
	EndGlobalSection
	GlobalSection(SolutionProperties) = preSolution
		HideSolutionNode = FALSE
	EndGlobalSection
	GlobalSection(NestedProjects) = preSolution
		{E26C6BF0-2B82-412D-A745-3F43344777CC} = {827E0CD3-B72D-47B6-A68D-7590B98EB39B}
		{DFE509DE-F811-4C23-9D00-3AEA56A11C62} = {827E0CD3-B72D-47B6-A68D-7590B98EB39B}
		{10F59344-9D9A-4EEA-905B-55B0BF964385} = {827E0CD3-B72D-47B6-A68D-7590B98EB39B}
		{9C79FB66-8015-4798-B02C-7D116457CAF0} = {827E0CD3-B72D-47B6-A68D-7590B98EB39B}
		{C5C31C23-0F22-47C4-A6C1-61CD23FC320D} = {827E0CD3-B72D-47B6-A68D-7590B98EB39B}
		{8E76EA68-7D28-455C-A620-123CD5D7A754} = {827E0CD3-B72D-47B6-A68D-7590B98EB39B}
		{29E00409-C9E9-4E1C-A051-3676466C4341} = {827E0CD3-B72D-47B6-A68D-7590B98EB39B}
		{8E266DAA-FA8A-4B7B-958D-03A3E53388DB} = {827E0CD3-B72D-47B6-A68D-7590B98EB39B}
		{0AD27954-A20C-4FCF-8FA5-80A2C0A49571} = {0AB3BF05-4346-4AA6-1389-037BE0695223}
		{A125AECF-AF18-4790-B001-B8B5CEE99229} = {0AB3BF05-4346-4AA6-1389-037BE0695223}
		{339C0C2E-1224-4D85-A74D-17A8D81C36F3} = {0AB3BF05-4346-4AA6-1389-037BE0695223}
		{1B833157-47FE-4EB9-98B1-FE13A98BC8F8} = {0AB3BF05-4346-4AA6-1389-037BE0695223}
		{7A5B08C7-BF8C-4CB5-AD6A-1ABBEBF81D0D} = {0AB3BF05-4346-4AA6-1389-037BE0695223}
		{25892709-A3EE-47C9-93B8-BFCF4919D2B5} = {0AB3BF05-4346-4AA6-1389-037BE0695223}
	EndGlobalSection
EndGlobal
